# This file is automatically @generated by Poetry 1.8.2 and should not be changed by hand.

[[package]]
name = "html2text"
version = "2024.2.26"
description = "Turn HTML into equivalent Markdown-structured text."
optional = false
python-versions = ">=3.8"
files = [
    {file = "html2text-2024.2.26.tar.gz", hash = "sha256:05f8e367d15aaabc96415376776cdd11afd5127a77fce6e36afc60c563ca2c32"},
]

[metadata]
lock-version = "2.0"
python-versions = "^3.12"
content-hash = "65463eedade270b3d31385b1df62e80173691ca385fe76ee4b7f87b266d2a840"
